
Microsoft Visual Studio Solution File, Format Version 12.00
# Visual Studio Version 17
VisualStudioVersion = 17.10.35013.160
MinimumVisualStudioVersion = 10.0.40219.1
Project("{FAE04EC0-301F-11D3-BF4B-00C04F79EFBC}") = "49_Anh_N1_KinhDoanhQuanAn", "49_Anh_N1_KinhDoanhQuanAn\49_Anh_N1_KinhDoanhQuanAn.csproj", "{8340ECFE-3231-4C8F-AFE8-F71BEED87BB2}"
EndProject
Global
	GlobalSection(SolutionConfigurationPlatforms) = preSolution
		Debug|Any CPU = Debug|Any CPU
		Release|Any CPU = Release|Any CPU
	EndGlobalSection
	GlobalSection(ProjectConfigurationPlatforms) = postSolution
		{8340ECFE-3231-4C8F-AFE8-F71BEED87BB2}.Debug|Any CPU.ActiveCfg = Debug|Any CPU
		{8340ECFE-3231-4C8F-AFE8-F71BEED87BB2}.Debug|Any CPU.Build.0 = Debug|Any CPU
		{8340ECFE-3231-4C8F-AFE8-F71BEED87BB2}.Release|Any CPU.ActiveCfg = Release|Any CPU
		{8340ECFE-3231-4C8F-AFE8-F71BEED87BB2}.Release|Any CPU.Build.0 = Release|Any CPU
	EndGlobalSection
	GlobalSection(SolutionProperties) = preSolution
		HideSolutionNode = FALSE
	EndGlobalSection
	GlobalSection(ExtensibilityGlobals) = postSolution
		SolutionGuid = {01DC8264-6C99-4060-B256-FB1427C27DB8}
	EndGlobalSection
EndGlobal
